
Microsoft Visual Studio Solution File, Format Version 12.00
# Visual Studio Version 17
VisualStudioVersion = 17.13.35828.75 d17.13
MinimumVisualStudioVersion = 10.0.40219.1
Project("{FAE04EC0-301F-11D3-BF4B-00C04F79EFBC}") = "lab1_threads", "lab1_threads\lab1_threads.csproj", "{1C0C67E9-7761-4A91-B06E-ABF886DC55F9}"
EndProject
Global
	GlobalSection(SolutionConfigurationPlatforms) = preSolution
		Debug|Any CPU = Debug|Any CPU
		Release|Any CPU = Release|Any CPU
	EndGlobalSection
	GlobalSection(ProjectConfigurationPlatforms) = postSolution
		{1C0C67E9-7761-4A91-B06E-ABF886DC55F9}.Debug|Any CPU.ActiveCfg = Debug|Any CPU
		{1C0C67E9-7761-4A91-B06E-ABF886DC55F9}.Debug|Any CPU.Build.0 = Debug|Any CPU
		{1C0C67E9-7761-4A91-B06E-ABF886DC55F9}.Release|Any CPU.ActiveCfg = Release|Any CPU
		{1C0C67E9-7761-4A91-B06E-ABF886DC55F9}.Release|Any CPU.Build.0 = Release|Any CPU
	EndGlobalSection
	GlobalSection(SolutionProperties) = preSolution
		HideSolutionNode = FALSE
	EndGlobalSection
	GlobalSection(ExtensibilityGlobals) = postSolution
		SolutionGuid = {229F165D-E5BC-421E-BD80-DF5217207A16}
	EndGlobalSection
EndGlobal
